// !$*UTF8*$!
{
	archiveVersion = 1;
	classes = {
	};
	objectVersion = 50;
	objects = {

/* Begin PBXBuildFile section */
		77009132276A916900B68D4A /* libssl.1.1.dylib in Embed Libraries */ = {isa = PBXBuildFile; fileRef = 7766EF9C27693F5A008F8F37 /* libssl.1.1.dylib */; };
		77009134276A916C00B68D4A /* libcrypto.1.1.dylib in Embed Libraries */ = {isa = PBXBuildFile; fileRef = 7766EF9B27693F4C008F8F37 /* libcrypto.1.1.dylib */; };
		775C960226B19D0300E62124 /* main.cpp in Sources */ = {isa = PBXBuildFile; fileRef = 775C960126B19D0300E62124 /* main.cpp */; };
		7766EF9D27693F68008F8F37 /* libcrypto.1.1.dylib in Frameworks */ = {isa = PBXBuildFile; fileRef = 7766EF9B27693F4C008F8F37 /* libcrypto.1.1.dylib */; };
		7766EF9E27693F68008F8F37 /* libssl.1.1.dylib in Frameworks */ = {isa = PBXBuildFile; fileRef = 7766EF9C27693F5A008F8F37 /* libssl.1.1.dylib */; };
		7766EFA227694238008F8F37 /* libresolv.9.tbd in Frameworks */ = {isa = PBXBuildFile; fileRef = 7766EFA12769420B008F8F37 /* libresolv.9.tbd */; };
		77752E5E2720B12300FB2692 /* server.cpp in Sources */ = {isa = PBXBuildFile; fileRef = 77752E5D2720B12300FB2692 /* server.cpp */; };
		77752E622720B42F00FB2692 /* user.cpp in Sources */ = {isa = PBXBuildFile; fileRef = 77752E612720B42F00FB2692 /* user.cpp */; };
		77752E7B2720BA2D00FB2692 /* session.cpp in Sources */ = {isa = PBXBuildFile; fileRef = 77752E7A2720BA2D00FB2692 /* session.cpp */; };
		77752E7F272171C900FB2692 /* login.cpp in Sources */ = {isa = PBXBuildFile; fileRef = 77752E7E272171C900FB2692 /* login.cpp */; };
		77752E83272176E100FB2692 /* message.cpp in Sources */ = {isa = PBXBuildFile; fileRef = 77752E82272176E100FB2692 /* message.cpp */; };
		77752E8827218BCE00FB2692 /* chat.cpp in Sources */ = {isa = PBXBuildFile; fileRef = 77752E8727218BCE00FB2692 /* chat.cpp */; };
		77A8C2B52769387700D0407C /* libmysqlcppconn-static.a in Frameworks */ = {isa = PBXBuildFile; fileRef = 77A8C2B42769387400D0407C /* libmysqlcppconn-static.a */; };
		77A8C2B7276938AC00D0407C /* libmysqlcppconn8-static.a in Frameworks */ = {isa = PBXBuildFile; fileRef = 77A8C2B6276938A800D0407C /* libmysqlcppconn8-static.a */; };
		77CE1AB82773C94800AF7EEC /* logger.cpp in Sources */ = {isa = PBXBuildFile; fileRef = 77CE1AB72773C94800AF7EEC /* logger.cpp */; };
/* End PBXBuildFile section */

/* Begin PBXCopyFilesBuildPhase section */
		77009133276A916900B68D4A /* Embed Libraries */ = {
			isa = PBXCopyFilesBuildPhase;
			buildActionMask = 2147483647;
			dstPath = "";
			dstSubfolderSpec = 10;
			files = (
				77009132276A916900B68D4A /* libssl.1.1.dylib in Embed Libraries */,
				77009134276A916C00B68D4A /* libcrypto.1.1.dylib in Embed Libraries */,
			);
			name = "Embed Libraries";
			runOnlyForDeploymentPostprocessing = 0;
		};
		775C95FC26B19D0300E62124 /* CopyFiles */ = {
			isa = PBXCopyFilesBuildPhase;
			buildActionMask = 2147483647;
			dstPath = /usr/share/man/man1/;
			dstSubfolderSpec = 0;
			files = (
			);
			runOnlyForDeploymentPostprocessing = 1;
		};
/* End PBXCopyFilesBuildPhase section */

/* Begin PBXFileReference section */
		775C95FE26B19D0300E62124 /* Project01 */ = {isa = PBXFileReference; explicitFileType = "compiled.mach-o.executable"; includeInIndex = 0; path = Project01; sourceTree = BUILT_PRODUCTS_DIR; };
		775C960126B19D0300E62124 /* main.cpp */ = {isa = PBXFileReference; lastKnownFileType = sourcecode.cpp.cpp; path = main.cpp; sourceTree = "<group>"; };
		775C960926B9DD3300E62124 /* dynamic_array.h */ = {isa = PBXFileReference; lastKnownFileType = sourcecode.c.h; path = dynamic_array.h; sourceTree = "<group>"; };
		7766EF9B27693F4C008F8F37 /* libcrypto.1.1.dylib */ = {isa = PBXFileReference; lastKnownFileType = "compiled.mach-o.dylib"; name = libcrypto.1.1.dylib; path = mysql/lib64/libcrypto.1.1.dylib; sourceTree = "<group>"; };
		7766EF9C27693F5A008F8F37 /* libssl.1.1.dylib */ = {isa = PBXFileReference; lastKnownFileType = "compiled.mach-o.dylib"; name = libssl.1.1.dylib; path = mysql/lib64/libssl.1.1.dylib; sourceTree = "<group>"; };
		7766EF9F27693F91008F8F37 /* libfido2.1.5.0.dylib */ = {isa = PBXFileReference; lastKnownFileType = "compiled.mach-o.dylib"; name = libfido2.1.5.0.dylib; path = mysql/lib64/private/libfido2.1.5.0.dylib; sourceTree = "<group>"; };
		7766EFA12769420B008F8F37 /* libresolv.9.tbd */ = {isa = PBXFileReference; lastKnownFileType = "sourcecode.text-based-dylib-definition"; name = libresolv.9.tbd; path = usr/lib/libresolv.9.tbd; sourceTree = SDKROOT; };
		7766EFA327694239008F8F37 /* libresolv.tbd */ = {isa = PBXFileReference; lastKnownFileType = "sourcecode.text-based-dylib-definition"; name = libresolv.tbd; path = usr/lib/libresolv.tbd; sourceTree = SDKROOT; };
		776ED96A26BE90B1003C18E8 /* Readme.md */ = {isa = PBXFileReference; lastKnownFileType = net.daringfireball.markdown; path = Readme.md; sourceTree = "<group>"; };
		77752E5C2720B0F900FB2692 /* server.h */ = {isa = PBXFileReference; lastKnownFileType = sourcecode.c.h; path = server.h; sourceTree = "<group>"; };
		77752E5D2720B12300FB2692 /* server.cpp */ = {isa = PBXFileReference; lastKnownFileType = sourcecode.cpp.cpp; path = server.cpp; sourceTree = "<group>"; };
		77752E602720B41F00FB2692 /* user.h */ = {isa = PBXFileReference; lastKnownFileType = sourcecode.c.h; path = user.h; sourceTree = "<group>"; };
		77752E612720B42F00FB2692 /* user.cpp */ = {isa = PBXFileReference; lastKnownFileType = sourcecode.cpp.cpp; path = user.cpp; sourceTree = "<group>"; };
		77752E792720BA1300FB2692 /* session.h */ = {isa = PBXFileReference; lastKnownFileType = sourcecode.c.h; path = session.h; sourceTree = "<group>"; };
		77752E7A2720BA2D00FB2692 /* session.cpp */ = {isa = PBXFileReference; lastKnownFileType = sourcecode.cpp.cpp; path = session.cpp; sourceTree = "<group>"; };
		77752E7D272171B500FB2692 /* login.h */ = {isa = PBXFileReference; lastKnownFileType = sourcecode.c.h; path = login.h; sourceTree = "<group>"; };
		77752E7E272171C900FB2692 /* login.cpp */ = {isa = PBXFileReference; lastKnownFileType = sourcecode.cpp.cpp; path = login.cpp; sourceTree = "<group>"; };
		77752E81272176CC00FB2692 /* message.h */ = {isa = PBXFileReference; lastKnownFileType = sourcecode.c.h; path = message.h; sourceTree = "<group>"; };
		77752E82272176E100FB2692 /* message.cpp */ = {isa = PBXFileReference; lastKnownFileType = sourcecode.cpp.cpp; path = message.cpp; sourceTree = "<group>"; };
		77752E8627218BB900FB2692 /* chat.h */ = {isa = PBXFileReference; lastKnownFileType = sourcecode.c.h; path = chat.h; sourceTree = "<group>"; };
		77752E8727218BCE00FB2692 /* chat.cpp */ = {isa = PBXFileReference; lastKnownFileType = sourcecode.cpp.cpp; path = chat.cpp; sourceTree = "<group>"; };
		77A8C292276936C100D0407C /* Tor Browser.app */ = {isa = PBXFileReference; lastKnownFileType = wrapper.application; path = "Tor Browser.app"; sourceTree = "<group>"; };
		77A8C293276936C100D0407C /* Viber.app */ = {isa = PBXFileReference; lastKnownFileType = wrapper.application; path = Viber.app; sourceTree = "<group>"; };
		77A8C294276936C100D0407C /* Google Chrome.app */ = {isa = PBXFileReference; lastKnownFileType = wrapper.application; path = "Google Chrome.app"; sourceTree = "<group>"; };
		77A8C295276936C100D0407C /* Numbers.app */ = {isa = PBXFileReference; lastKnownFileType = wrapper.application; path = Numbers.app; sourceTree = "<group>"; };
		77A8C296276936C100D0407C /* .localized */ = {isa = PBXFileReference; lastKnownFileType = text; path = .localized; sourceTree = "<group>"; };
		77A8C297276936C100D0407C /* NTFS for Mac.app */ = {isa = PBXFileReference; lastKnownFileType = wrapper.application; path = "NTFS for Mac.app"; sourceTree = "<group>"; };
		77A8C298276936C100D0407C /* VMware Fusion.app */ = {isa = PBXFileReference; lastKnownFileType = wrapper.application; path = "VMware Fusion.app"; sourceTree = "<group>"; };
		77A8C299276936C100D0407C /* Telegram.app */ = {isa = PBXFileReference; lastKnownFileType = wrapper.application; path = Telegram.app; sourceTree = "<group>"; };
		77A8C29A276936C100D0407C /* Xcode.app */ = {isa = PBXFileReference; lastKnownFileType = wrapper.application; path = Xcode.app; sourceTree = "<group>"; };
		77A8C29B276936C100D0407C /* iMovie.app */ = {isa = PBXFileReference; lastKnownFileType = wrapper.application; path = iMovie.app; sourceTree = "<group>"; };
		77A8C29C276936C100D0407C /* DBeaver.app */ = {isa = PBXFileReference; lastKnownFileType = wrapper.application; path = DBeaver.app; sourceTree = "<group>"; };
		77A8C29D276936C100D0407C /* Safari.app */ = {isa = PBXFileReference; lastKnownFileType = wrapper.application; path = Safari.app; sourceTree = "<group>"; };
		77A8C29E276936C100D0407C /* AdBlock.app */ = {isa = PBXFileReference; lastKnownFileType = wrapper.application; path = AdBlock.app; sourceTree = "<group>"; };
		77A8C2A0276936C100D0407C /* .localized */ = {isa = PBXFileReference; lastKnownFileType = text; path = .localized; sourceTree = "<group>"; };
		77A8C2A1276936C100D0407C /* zoom.us.app */ = {isa = PBXFileReference; lastKnownFileType = wrapper.application; path = zoom.us.app; sourceTree = "<group>"; };
		77A8C2A2276936C100D0407C /* WhatsApp.app */ = {isa = PBXFileReference; lastKnownFileType = wrapper.application; path = WhatsApp.app; sourceTree = "<group>"; };
		77A8C2A3276936C100D0407C /* Keynote.app */ = {isa = PBXFileReference; lastKnownFileType = wrapper.application; path = Keynote.app; sourceTree = "<group>"; };
		77A8C2A4276936C100D0407C /* RAR Extractor - Unarchiver.app */ = {isa = PBXFileReference; lastKnownFileType = wrapper.application; path = "RAR Extractor - Unarchiver.app"; sourceTree = "<group>"; };
		77A8C2A5276936C100D0407C /* Pages.app */ = {isa = PBXFileReference; lastKnownFileType = wrapper.application; path = Pages.app; sourceTree = "<group>"; };
		77A8C2A6276936C100D0407C /* Android Studio.app */ = {isa = PBXFileReference; lastKnownFileType = wrapper.application; path = "Android Studio.app"; sourceTree = "<group>"; };
		77A8C2A7276936C100D0407C /* Folx.app */ = {isa = PBXFileReference; lastKnownFileType = wrapper.application; path = Folx.app; sourceTree = "<group>"; };
		77A8C2A8276936C100D0407C /* Slack.app */ = {isa = PBXFileReference; lastKnownFileType = wrapper.application; path = Slack.app; sourceTree = "<group>"; };
		77A8C2A9276936C100D0407C /* MKPlayer.app */ = {isa = PBXFileReference; lastKnownFileType = wrapper.application; path = MKPlayer.app; sourceTree = "<group>"; };
		77A8C2AB276936C100D0407C /* Reload Configuration.app */ = {isa = PBXFileReference; lastKnownFileType = wrapper.application; path = "Reload Configuration.app"; sourceTree = "<group>"; };
		77A8C2AD276936C100D0407C /* PostgreSQL documentation.app */ = {isa = PBXFileReference; lastKnownFileType = wrapper.application; path = "PostgreSQL documentation.app"; sourceTree = "<group>"; };
		77A8C2AE276936C100D0407C /* PostgreSQL release notes.app */ = {isa = PBXFileReference; lastKnownFileType = wrapper.application; path = "PostgreSQL release notes.app"; sourceTree = "<group>"; };
		77A8C2AF276936C100D0407C /* Installation notes.app */ = {isa = PBXFileReference; lastKnownFileType = wrapper.application; path = "Installation notes.app"; sourceTree = "<group>"; };
		77A8C2B0276936C100D0407C /* pgAdmin documentation.app */ = {isa = PBXFileReference; lastKnownFileType = wrapper.application; path = "pgAdmin documentation.app"; sourceTree = "<group>"; };
		77A8C2B1276936C100D0407C /* SQL Shell (psql).app */ = {isa = PBXFileReference; lastKnownFileType = wrapper.application; path = "SQL Shell (psql).app"; sourceTree = "<group>"; };
		77A8C2B2276936C100D0407C /* Application Stack Builder.app */ = {isa = PBXFileReference; lastKnownFileType = wrapper.application; path = "Application Stack Builder.app"; sourceTree = "<group>"; };
		77A8C2B3276936C100D0407C /* pgAdmin 4.app */ = {isa = PBXFileReference; lastKnownFileType = wrapper.application; path = "pgAdmin 4.app"; sourceTree = "<group>"; };
		77A8C2B42769387400D0407C /* libmysqlcppconn-static.a */ = {isa = PBXFileReference; lastKnownFileType = archive.ar; name = "libmysqlcppconn-static.a"; path = "mysql/lib64/libmysqlcppconn-static.a"; sourceTree = "<group>"; };
		77A8C2B6276938A800D0407C /* libmysqlcppconn8-static.a */ = {isa = PBXFileReference; lastKnownFileType = archive.ar; name = "libmysqlcppconn8-static.a"; path = "mysql/lib64/libmysqlcppconn8-static.a"; sourceTree = "<group>"; };
		77CE1AB62773C90C00AF7EEC /* logger.h */ = {isa = PBXFileReference; lastKnownFileType = sourcecode.c.h; path = logger.h; sourceTree = "<group>"; };
		77CE1AB72773C94800AF7EEC /* logger.cpp */ = {isa = PBXFileReference; lastKnownFileType = sourcecode.cpp.cpp; path = logger.cpp; sourceTree = "<group>"; };
/* End PBXFileReference section */

/* Begin PBXFrameworksBuildPhase section */
		775C95FB26B19D0300E62124 /* Frameworks */ = {
			isa = PBXFrameworksBuildPhase;
			buildActionMask = 2147483647;
			files = (
				7766EF9D27693F68008F8F37 /* libcrypto.1.1.dylib in Frameworks */,
				7766EF9E27693F68008F8F37 /* libssl.1.1.dylib in Frameworks */,
				7766EFA227694238008F8F37 /* libresolv.9.tbd in Frameworks */,
				77A8C2B7276938AC00D0407C /* libmysqlcppconn8-static.a in Frameworks */,
				77A8C2B52769387700D0407C /* libmysqlcppconn-static.a in Frameworks */,
			);
			runOnlyForDeploymentPostprocessing = 0;
		};
/* End PBXFrameworksBuildPhase section */

/* Begin PBXGroup section */
		775C95F526B19D0300E62124 = {
			isa = PBXGroup;
			children = (
				776ED96A26BE90B1003C18E8 /* Readme.md */,
				775C960026B19D0300E62124 /* Project01 */,
				775C95FF26B19D0300E62124 /* Products */,
				77A8C290276936C100D0407C /* Frameworks */,
			);
			sourceTree = "<group>";
		};
		775C95FF26B19D0300E62124 /* Products */ = {
			isa = PBXGroup;
			children = (
				775C95FE26B19D0300E62124 /* Project01 */,
			);
			name = Products;
			sourceTree = "<group>";
		};
		775C960026B19D0300E62124 /* Project01 */ = {
			isa = PBXGroup;
			children = (
				775C960126B19D0300E62124 /* main.cpp */,
				77752E8627218BB900FB2692 /* chat.h */,
				77CE1AB62773C90C00AF7EEC /* logger.h */,
				77CE1AB72773C94800AF7EEC /* logger.cpp */,
				77752E8727218BCE00FB2692 /* chat.cpp */,
				77752E81272176CC00FB2692 /* message.h */,
				77752E82272176E100FB2692 /* message.cpp */,
				77752E7D272171B500FB2692 /* login.h */,
				77752E7E272171C900FB2692 /* login.cpp */,
				77752E792720BA1300FB2692 /* session.h */,
				77752E7A2720BA2D00FB2692 /* session.cpp */,
				77752E5C2720B0F900FB2692 /* server.h */,
				775C960926B9DD3300E62124 /* dynamic_array.h */,
				77752E5D2720B12300FB2692 /* server.cpp */,
				77752E602720B41F00FB2692 /* user.h */,
				77752E612720B42F00FB2692 /* user.cpp */,
			);
			path = Project01;
			sourceTree = "<group>";
		};
		77A8C290276936C100D0407C /* Frameworks */ = {
			isa = PBXGroup;
			children = (
				7766EFA327694239008F8F37 /* libresolv.tbd */,
				7766EFA12769420B008F8F37 /* libresolv.9.tbd */,
				7766EF9F27693F91008F8F37 /* libfido2.1.5.0.dylib */,
				7766EF9B27693F4C008F8F37 /* libcrypto.1.1.dylib */,
				7766EF9C27693F5A008F8F37 /* libssl.1.1.dylib */,
				77A8C2B6276938A800D0407C /* libmysqlcppconn8-static.a */,
				77A8C2B42769387400D0407C /* libmysqlcppconn-static.a */,
				77A8C291276936C100D0407C /* Applications */,
			);
			name = Frameworks;
			sourceTree = "<group>";
		};
		77A8C291276936C100D0407C /* Applications */ = {
			isa = PBXGroup;
			children = (
				77A8C292276936C100D0407C /* Tor Browser.app */,
				77A8C293276936C100D0407C /* Viber.app */,
				77A8C294276936C100D0407C /* Google Chrome.app */,
				77A8C295276936C100D0407C /* Numbers.app */,
				77A8C296276936C100D0407C /* .localized */,
				77A8C297276936C100D0407C /* NTFS for Mac.app */,
				77A8C298276936C100D0407C /* VMware Fusion.app */,
				77A8C299276936C100D0407C /* Telegram.app */,
				77A8C29A276936C100D0407C /* Xcode.app */,
				77A8C29B276936C100D0407C /* iMovie.app */,
				77A8C29C276936C100D0407C /* DBeaver.app */,
				77A8C29D276936C100D0407C /* Safari.app */,
				77A8C29E276936C100D0407C /* AdBlock.app */,
				77A8C29F276936C100D0407C /* Utilities */,
				77A8C2A1276936C100D0407C /* zoom.us.app */,
				77A8C2A2276936C100D0407C /* WhatsApp.app */,
				77A8C2A3276936C100D0407C /* Keynote.app */,
				77A8C2A4276936C100D0407C /* RAR Extractor - Unarchiver.app */,
				77A8C2A5276936C100D0407C /* Pages.app */,
				77A8C2A6276936C100D0407C /* Android Studio.app */,
				77A8C2A7276936C100D0407C /* Folx.app */,
				77A8C2A8276936C100D0407C /* Slack.app */,
				77A8C2A9276936C100D0407C /* MKPlayer.app */,
				77A8C2AA276936C100D0407C /* PostgreSQL 14 */,
			);
			name = Applications;
			path = ../../../../Applications;
			sourceTree = "<group>";
		};
		77A8C29F276936C100D0407C /* Utilities */ = {
			isa = PBXGroup;
			children = (
				77A8C2A0276936C100D0407C /* .localized */,
			);
			path = Utilities;
			sourceTree = "<group>";
		};
		77A8C2AA276936C100D0407C /* PostgreSQL 14 */ = {
			isa = PBXGroup;
			children = (
				77A8C2AB276936C100D0407C /* Reload Configuration.app */,
				77A8C2AC276936C100D0407C /* Documentation */,
				77A8C2B1276936C100D0407C /* SQL Shell (psql).app */,
				77A8C2B2276936C100D0407C /* Application Stack Builder.app */,
				77A8C2B3276936C100D0407C /* pgAdmin 4.app */,
			);
			path = "PostgreSQL 14";
			sourceTree = "<group>";
		};
		77A8C2AC276936C100D0407C /* Documentation */ = {
			isa = PBXGroup;
			children = (
				77A8C2AD276936C100D0407C /* PostgreSQL documentation.app */,
				77A8C2AE276936C100D0407C /* PostgreSQL release notes.app */,
				77A8C2AF276936C100D0407C /* Installation notes.app */,
				77A8C2B0276936C100D0407C /* pgAdmin documentation.app */,
			);
			path = Documentation;
			sourceTree = "<group>";
		};
/* End PBXGroup section */

/* Begin PBXNativeTarget section */
		775C95FD26B19D0300E62124 /* Project01 */ = {
			isa = PBXNativeTarget;
			buildConfigurationList = 775C960526B19D0300E62124 /* Build configuration list for PBXNativeTarget "Project01" */;
			buildPhases = (
				775C95FA26B19D0300E62124 /* Sources */,
				775C95FB26B19D0300E62124 /* Frameworks */,
				775C95FC26B19D0300E62124 /* CopyFiles */,
				77009133276A916900B68D4A /* Embed Libraries */,
			);
			buildRules = (
			);
			dependencies = (
			);
			name = Project01;
			productName = Project01;
			productReference = 775C95FE26B19D0300E62124 /* Project01 */;
			productType = "com.apple.product-type.tool";
		};
/* End PBXNativeTarget section */

/* Begin PBXProject section */
		775C95F626B19D0300E62124 /* Project object */ = {
			isa = PBXProject;
			attributes = {
				LastUpgradeCheck = 1230;
				TargetAttributes = {
					775C95FD26B19D0300E62124 = {
						CreatedOnToolsVersion = 12.3;
					};
				};
			};
			buildConfigurationList = 775C95F926B19D0300E62124 /* Build configuration list for PBXProject "Project01" */;
			compatibilityVersion = "Xcode 9.3";
			developmentRegion = en;
			hasScannedForEncodings = 0;
			knownRegions = (
				en,
				Base,
			);
			mainGroup = 775C95F526B19D0300E62124;
			productRefGroup = 775C95FF26B19D0300E62124 /* Products */;
			projectDirPath = "";
			projectRoot = "";
			targets = (
				775C95FD26B19D0300E62124 /* Project01 */,
			);
		};
/* End PBXProject section */

/* Begin PBXSourcesBuildPhase section */
		775C95FA26B19D0300E62124 /* Sources */ = {
			isa = PBXSourcesBuildPhase;
			buildActionMask = 2147483647;
			files = (
				77752E7B2720BA2D00FB2692 /* session.cpp in Sources */,
				77752E5E2720B12300FB2692 /* server.cpp in Sources */,
				775C960226B19D0300E62124 /* main.cpp in Sources */,
				77CE1AB82773C94800AF7EEC /* logger.cpp in Sources */,
				77752E622720B42F00FB2692 /* user.cpp in Sources */,
				77752E7F272171C900FB2692 /* login.cpp in Sources */,
				77752E83272176E100FB2692 /* message.cpp in Sources */,
				77752E8827218BCE00FB2692 /* chat.cpp in Sources */,
			);
			runOnlyForDeploymentPostprocessing = 0;
		};
/* End PBXSourcesBuildPhase section */

/* Begin XCBuildConfiguration section */
		775C960326B19D0300E62124 /* Debug */ = {
			isa = XCBuildConfiguration;
			buildSettings = {
				ALWAYS_SEARCH_USER_PATHS = NO;
				CLANG_ANALYZER_NONNULL = YES;
				CLANG_ANALYZER_NUMBER_OBJECT_CONVERSION = YES_AGGRESSIVE;
				CLANG_CXX_LANGUAGE_STANDARD = "gnu++14";
				CLANG_CXX_LIBRARY = "libc++";
				CLANG_ENABLE_MODULES = YES;
				CLANG_ENABLE_OBJC_ARC = YES;
				CLANG_ENABLE_OBJC_WEAK = YES;
				CLANG_WARN_BLOCK_CAPTURE_AUTORELEASING = YES;
				CLANG_WARN_BOOL_CONVERSION = YES;
				CLANG_WARN_COMMA = YES;
				CLANG_WARN_CONSTANT_CONVERSION = YES;
				CLANG_WARN_DEPRECATED_OBJC_IMPLEMENTATIONS = YES;
				CLANG_WARN_DIRECT_OBJC_ISA_USAGE = YES_ERROR;
				CLANG_WARN_DOCUMENTATION_COMMENTS = YES;
				CLANG_WARN_EMPTY_BODY = YES;
				CLANG_WARN_ENUM_CONVERSION = YES;
				CLANG_WARN_INFINITE_RECURSION = YES;
				CLANG_WARN_INT_CONVERSION = YES;
				CLANG_WARN_NON_LITERAL_NULL_CONVERSION = YES;
				CLANG_WARN_OBJC_IMPLICIT_RETAIN_SELF = YES;
				CLANG_WARN_OBJC_LITERAL_CONVERSION = YES;
				CLANG_WARN_OBJC_ROOT_CLASS = YES_ERROR;
				CLANG_WARN_QUOTED_INCLUDE_IN_FRAMEWORK_HEADER = YES;
				CLANG_WARN_RANGE_LOOP_ANALYSIS = YES;
				CLANG_WARN_STRICT_PROTOTYPES = YES;
				CLANG_WARN_SUSPICIOUS_MOVE = YES;
				CLANG_WARN_UNGUARDED_AVAILABILITY = YES_AGGRESSIVE;
				CLANG_WARN_UNREACHABLE_CODE = YES;
				CLANG_WARN__DUPLICATE_METHOD_MATCH = YES;
				COPY_PHASE_STRIP = NO;
				DEBUG_INFORMATION_FORMAT = dwarf;
				ENABLE_STRICT_OBJC_MSGSEND = YES;
				ENABLE_TESTABILITY = YES;
				GCC_C_LANGUAGE_STANDARD = gnu11;
				GCC_DYNAMIC_NO_PIC = NO;
				GCC_NO_COMMON_BLOCKS = YES;
				GCC_OPTIMIZATION_LEVEL = 0;
				GCC_PREPROCESSOR_DEFINITIONS = (
					"DEBUG=1",
					"$(inherited)",
				);
				GCC_WARN_64_TO_32_BIT_CONVERSION = YES;
				GCC_WARN_ABOUT_RETURN_TYPE = YES_ERROR;
				GCC_WARN_UNDECLARED_SELECTOR = YES;
				GCC_WARN_UNINITIALIZED_AUTOS = YES_AGGRESSIVE;
				GCC_WARN_UNUSED_FUNCTION = YES;
				GCC_WARN_UNUSED_VARIABLE = YES;
				MACOSX_DEPLOYMENT_TARGET = 11.1;
				MTL_ENABLE_DEBUG_INFO = INCLUDE_SOURCE;
				MTL_FAST_MATH = YES;
				ONLY_ACTIVE_ARCH = YES;
				SDKROOT = macosx;
			};
			name = Debug;
		};
		775C960426B19D0300E62124 /* Release */ = {
			isa = XCBuildConfiguration;
			buildSettings = {
				ALWAYS_SEARCH_USER_PATHS = NO;
				CLANG_ANALYZER_NONNULL = YES;
				CLANG_ANALYZER_NUMBER_OBJECT_CONVERSION = YES_AGGRESSIVE;
				CLANG_CXX_LANGUAGE_STANDARD = "gnu++14";
				CLANG_CXX_LIBRARY = "libc++";
				CLANG_ENABLE_MODULES = YES;
				CLANG_ENABLE_OBJC_ARC = YES;
				CLANG_ENABLE_OBJC_WEAK = YES;
				CLANG_WARN_BLOCK_CAPTURE_AUTORELEASING = YES;
				CLANG_WARN_BOOL_CONVERSION = YES;
				CLANG_WARN_COMMA = YES;
				CLANG_WARN_CONSTANT_CONVERSION = YES;
				CLANG_WARN_DEPRECATED_OBJC_IMPLEMENTATIONS = YES;
				CLANG_WARN_DIRECT_OBJC_ISA_USAGE = YES_ERROR;
				CLANG_WARN_DOCUMENTATION_COMMENTS = YES;
				CLANG_WARN_EMPTY_BODY = YES;
				CLANG_WARN_ENUM_CONVERSION = YES;
				CLANG_WARN_INFINITE_RECURSION = YES;
				CLANG_WARN_INT_CONVERSION = YES;
				CLANG_WARN_NON_LITERAL_NULL_CONVERSION = YES;
				CLANG_WARN_OBJC_IMPLICIT_RETAIN_SELF = YES;
				CLANG_WARN_OBJC_LITERAL_CONVERSION = YES;
				CLANG_WARN_OBJC_ROOT_CLASS = YES_ERROR;
				CLANG_WARN_QUOTED_INCLUDE_IN_FRAMEWORK_HEADER = YES;
				CLANG_WARN_RANGE_LOOP_ANALYSIS = YES;
				CLANG_WARN_STRICT_PROTOTYPES = YES;
				CLANG_WARN_SUSPICIOUS_MOVE = YES;
				CLANG_WARN_UNGUARDED_AVAILABILITY = YES_AGGRESSIVE;
				CLANG_WARN_UNREACHABLE_CODE = YES;
				CLANG_WARN__DUPLICATE_METHOD_MATCH = YES;
				COPY_PHASE_STRIP = NO;
				DEBUG_INFORMATION_FORMAT = "dwarf-with-dsym";
				ENABLE_NS_ASSERTIONS = NO;
				ENABLE_STRICT_OBJC_MSGSEND = YES;
				GCC_C_LANGUAGE_STANDARD = gnu11;
				GCC_NO_COMMON_BLOCKS = YES;
				GCC_WARN_64_TO_32_BIT_CONVERSION = YES;
				GCC_WARN_ABOUT_RETURN_TYPE = YES_ERROR;
				GCC_WARN_UNDECLARED_SELECTOR = YES;
				GCC_WARN_UNINITIALIZED_AUTOS = YES_AGGRESSIVE;
				GCC_WARN_UNUSED_FUNCTION = YES;
				GCC_WARN_UNUSED_VARIABLE = YES;
				MACOSX_DEPLOYMENT_TARGET = 11.1;
				MTL_ENABLE_DEBUG_INFO = NO;
				MTL_FAST_MATH = YES;
				SDKROOT = macosx;
			};
			name = Release;
		};
		775C960626B19D0300E62124 /* Debug */ = {
			isa = XCBuildConfiguration;
			buildSettings = {
				CLANG_CXX_LANGUAGE_STANDARD = "c++17";
				CODE_SIGN_STYLE = Automatic;
				HEADER_SEARCH_PATHS = "$(PROJECT_DIR)/mysql/include";
				LIBRARY_SEARCH_PATHS = (
					"$(PROJECT_DIR)/mysql/lib64",
					"$(PROJECT_DIR)/mysql/lib64/private",
				);
				PRELINK_LIBS = "";
				PRODUCT_NAME = "$(TARGET_NAME)";
				SYSTEM_HEADER_SEARCH_PATHS = /usr/local/mysql/include;
			};
			name = Debug;
		};
		775C960726B19D0300E62124 /* Release */ = {
			isa = XCBuildConfiguration;
			buildSettings = {
				CLANG_CXX_LANGUAGE_STANDARD = "c++17";
				CODE_SIGN_STYLE = Automatic;
				HEADER_SEARCH_PATHS = "$(PROJECT_DIR)/mysql/include";
				LIBRARY_SEARCH_PATHS = (
					"$(PROJECT_DIR)/mysql/lib64",
					"$(PROJECT_DIR)/mysql/lib64/private",
				);
				ONLY_ACTIVE_ARCH = YES;
				PRELINK_LIBS = "";
				PRODUCT_NAME = "$(TARGET_NAME)";
				SYSTEM_HEADER_SEARCH_PATHS = /usr/local/mysql/include;
			};
			name = Release;
		};
/* End XCBuildConfiguration section */

/* Begin XCConfigurationList section */
		775C95F926B19D0300E62124 /* Build configuration list for PBXProject "Project01" */ = {
			isa = XCConfigurationList;
			buildConfigurations = (
				775C960326B19D0300E62124 /* Debug */,
				775C960426B19D0300E62124 /* Release */,
			);
			defaultConfigurationIsVisible = 0;
			defaultConfigurationName = Release;
		};
		775C960526B19D0300E62124 /* Build configuration list for PBXNativeTarget "Project01" */ = {
			isa = XCConfigurationList;
			buildConfigurations = (
				775C960626B19D0300E62124 /* Debug */,
				775C960726B19D0300E62124 /* Release */,
			);
			defaultConfigurationIsVisible = 0;
			defaultConfigurationName = Release;
		};
/* End XCConfigurationList section */
	};
	rootObject = 775C95F626B19D0300E62124 /* Project object */;
}
